
Microsoft Visual Studio Solution File, Format Version 12.00
# Visual Studio Version 17
VisualStudioVersion = 17.12.35707.178 d17.12
MinimumVisualStudioVersion = 10.0.40219.1
Project("{FAE04EC0-301F-11D3-BF4B-00C04F79EFBC}") = "Generate_CodeSample", "Generate_CodeSample.csproj", "{7ce5cc39-0a96-45d4-b446-7a4a8f8f27f5}"
EndProject
Global
	GlobalSection(SolutionConfigurationPlatforms) = preSolution
		Debug|ARM64 = Debug|ARM64
		Debug|x64 = Debug|x64
		Release|ARM64 = Release|ARM64
		Release|x64 = Release|x64
	EndGlobalSection
	GlobalSection(ProjectConfigurationPlatforms) = postSolution
		{7ce5cc39-0a96-45d4-b446-7a4a8f8f27f5}.Debug|ARM64.ActiveCfg = Debug|ARM64
		{7ce5cc39-0a96-45d4-b446-7a4a8f8f27f5}.Debug|ARM64.Build.0 = Debug|ARM64
		{7ce5cc39-0a96-45d4-b446-7a4a8f8f27f5}.Debug|ARM64.Deploy.0 = Debug|ARM64
		{7ce5cc39-0a96-45d4-b446-7a4a8f8f27f5}.Debug|x64.ActiveCfg = Debug|x64
		{7ce5cc39-0a96-45d4-b446-7a4a8f8f27f5}.Debug|x64.Build.0 = Debug|x64
		{7ce5cc39-0a96-45d4-b446-7a4a8f8f27f5}.Debug|x64.Deploy.0 = Debug|x64
		{7ce5cc39-0a96-45d4-b446-7a4a8f8f27f5}.Release|ARM64.ActiveCfg = Release|ARM64
		{7ce5cc39-0a96-45d4-b446-7a4a8f8f27f5}.Release|ARM64.Build.0 = Release|ARM64
		{7ce5cc39-0a96-45d4-b446-7a4a8f8f27f5}.Release|ARM64.Deploy.0 = Release|ARM64
		{7ce5cc39-0a96-45d4-b446-7a4a8f8f27f5}.Release|x64.ActiveCfg = Release|x64
		{7ce5cc39-0a96-45d4-b446-7a4a8f8f27f5}.Release|x64.Build.0 = Release|x64
		{7ce5cc39-0a96-45d4-b446-7a4a8f8f27f5}.Release|x64.Deploy.0 = Release|x64
	EndGlobalSection
	GlobalSection(SolutionProperties) = preSolution
		HideSolutionNode = FALSE
	EndGlobalSection
EndGlobal
