
Microsoft Visual Studio Solution File, Format Version 12.00
# Visual Studio Version 17
VisualStudioVersion = 17.12.35707.178 d17.12
MinimumVisualStudioVersion = 10.0.40219.1
Project("{FAE04EC0-301F-11D3-BF4B-00C04F79EFBC}") = "Sentiment_AnalysisSample", "Sentiment_AnalysisSample.csproj", "{c8eb523b-6fd6-40ab-8417-9cc2d3634483}"
EndProject
Global
	GlobalSection(SolutionConfigurationPlatforms) = preSolution
		Debug|ARM64 = Debug|ARM64
		Debug|x64 = Debug|x64
		Release|ARM64 = Release|ARM64
		Release|x64 = Release|x64
	EndGlobalSection
	GlobalSection(ProjectConfigurationPlatforms) = postSolution
		{c8eb523b-6fd6-40ab-8417-9cc2d3634483}.Debug|ARM64.ActiveCfg = Debug|ARM64
		{c8eb523b-6fd6-40ab-8417-9cc2d3634483}.Debug|ARM64.Build.0 = Debug|ARM64
		{c8eb523b-6fd6-40ab-8417-9cc2d3634483}.Debug|ARM64.Deploy.0 = Debug|ARM64
		{c8eb523b-6fd6-40ab-8417-9cc2d3634483}.Debug|x64.ActiveCfg = Debug|x64
		{c8eb523b-6fd6-40ab-8417-9cc2d3634483}.Debug|x64.Build.0 = Debug|x64
		{c8eb523b-6fd6-40ab-8417-9cc2d3634483}.Debug|x64.Deploy.0 = Debug|x64
		{c8eb523b-6fd6-40ab-8417-9cc2d3634483}.Release|ARM64.ActiveCfg = Release|ARM64
		{c8eb523b-6fd6-40ab-8417-9cc2d3634483}.Release|ARM64.Build.0 = Release|ARM64
		{c8eb523b-6fd6-40ab-8417-9cc2d3634483}.Release|ARM64.Deploy.0 = Release|ARM64
		{c8eb523b-6fd6-40ab-8417-9cc2d3634483}.Release|x64.ActiveCfg = Release|x64
		{c8eb523b-6fd6-40ab-8417-9cc2d3634483}.Release|x64.Build.0 = Release|x64
		{c8eb523b-6fd6-40ab-8417-9cc2d3634483}.Release|x64.Deploy.0 = Release|x64
	EndGlobalSection
	GlobalSection(SolutionProperties) = preSolution
		HideSolutionNode = FALSE
	EndGlobalSection
EndGlobal
