
Microsoft Visual Studio Solution File, Format Version 12.00
# Visual Studio Version 17
VisualStudioVersion = 17.12.35707.178 d17.12
MinimumVisualStudioVersion = 10.0.40219.1
Project("{FAE04EC0-301F-11D3-BF4B-00C04F79EFBC}") = "Generate_ImageSample", "Generate_ImageSample.csproj", "{fdfd114a-3173-4547-a76a-033c9622a3b6}"
EndProject
Global
	GlobalSection(SolutionConfigurationPlatforms) = preSolution
		Debug|ARM64 = Debug|ARM64
		Debug|x64 = Debug|x64
		Release|ARM64 = Release|ARM64
		Release|x64 = Release|x64
	EndGlobalSection
	GlobalSection(ProjectConfigurationPlatforms) = postSolution
		{fdfd114a-3173-4547-a76a-033c9622a3b6}.Debug|ARM64.ActiveCfg = Debug|ARM64
		{fdfd114a-3173-4547-a76a-033c9622a3b6}.Debug|ARM64.Build.0 = Debug|ARM64
		{fdfd114a-3173-4547-a76a-033c9622a3b6}.Debug|ARM64.Deploy.0 = Debug|ARM64
		{fdfd114a-3173-4547-a76a-033c9622a3b6}.Debug|x64.ActiveCfg = Debug|x64
		{fdfd114a-3173-4547-a76a-033c9622a3b6}.Debug|x64.Build.0 = Debug|x64
		{fdfd114a-3173-4547-a76a-033c9622a3b6}.Debug|x64.Deploy.0 = Debug|x64
		{fdfd114a-3173-4547-a76a-033c9622a3b6}.Release|ARM64.ActiveCfg = Release|ARM64
		{fdfd114a-3173-4547-a76a-033c9622a3b6}.Release|ARM64.Build.0 = Release|ARM64
		{fdfd114a-3173-4547-a76a-033c9622a3b6}.Release|ARM64.Deploy.0 = Release|ARM64
		{fdfd114a-3173-4547-a76a-033c9622a3b6}.Release|x64.ActiveCfg = Release|x64
		{fdfd114a-3173-4547-a76a-033c9622a3b6}.Release|x64.Build.0 = Release|x64
		{fdfd114a-3173-4547-a76a-033c9622a3b6}.Release|x64.Deploy.0 = Release|x64
	EndGlobalSection
	GlobalSection(SolutionProperties) = preSolution
		HideSolutionNode = FALSE
	EndGlobalSection
EndGlobal
