
Microsoft Visual Studio Solution File, Format Version 12.00
# Visual Studio Version 17
VisualStudioVersion = 17.12.35707.178 d17.12
MinimumVisualStudioVersion = 10.0.40219.1
Project("{FAE04EC0-301F-11D3-BF4B-00C04F79EFBC}") = "Pose_DetectionSample", "Pose_DetectionSample.csproj", "{b67a5391-4908-428d-8c78-c0772ebd0cb8}"
EndProject
Global
	GlobalSection(SolutionConfigurationPlatforms) = preSolution
		Debug|ARM64 = Debug|ARM64
		Debug|x64 = Debug|x64
		Release|ARM64 = Release|ARM64
		Release|x64 = Release|x64
	EndGlobalSection
	GlobalSection(ProjectConfigurationPlatforms) = postSolution
		{b67a5391-4908-428d-8c78-c0772ebd0cb8}.Debug|ARM64.ActiveCfg = Debug|ARM64
		{b67a5391-4908-428d-8c78-c0772ebd0cb8}.Debug|ARM64.Build.0 = Debug|ARM64
		{b67a5391-4908-428d-8c78-c0772ebd0cb8}.Debug|ARM64.Deploy.0 = Debug|ARM64
		{b67a5391-4908-428d-8c78-c0772ebd0cb8}.Debug|x64.ActiveCfg = Debug|x64
		{b67a5391-4908-428d-8c78-c0772ebd0cb8}.Debug|x64.Build.0 = Debug|x64
		{b67a5391-4908-428d-8c78-c0772ebd0cb8}.Debug|x64.Deploy.0 = Debug|x64
		{b67a5391-4908-428d-8c78-c0772ebd0cb8}.Release|ARM64.ActiveCfg = Release|ARM64
		{b67a5391-4908-428d-8c78-c0772ebd0cb8}.Release|ARM64.Build.0 = Release|ARM64
		{b67a5391-4908-428d-8c78-c0772ebd0cb8}.Release|ARM64.Deploy.0 = Release|ARM64
		{b67a5391-4908-428d-8c78-c0772ebd0cb8}.Release|x64.ActiveCfg = Release|x64
		{b67a5391-4908-428d-8c78-c0772ebd0cb8}.Release|x64.Build.0 = Release|x64
		{b67a5391-4908-428d-8c78-c0772ebd0cb8}.Release|x64.Deploy.0 = Release|x64
	EndGlobalSection
	GlobalSection(SolutionProperties) = preSolution
		HideSolutionNode = FALSE
	EndGlobalSection
EndGlobal
